
Microsoft Visual Studio Solution File, Format Version 12.00
# Visual Studio Version 17
VisualStudioVersion = 17.5.002.0
MinimumVisualStudioVersion = 10.0.40219.1
Project("{9A19103F-16F7-4668-BE54-9A1E7A4F7556}") = "Class01", "Class01.csproj", "{85A0AAC7-E247-4E18-B45B-669066CCA08E}"
EndProject
Global
	GlobalSection(SolutionConfigurationPlatforms) = preSolution
		Debug|Any CPU = Debug|Any CPU
		Release|Any CPU = Release|Any CPU
	EndGlobalSection
	GlobalSection(ProjectConfigurationPlatforms) = postSolution
		{85A0AAC7-E247-4E18-B45B-669066CCA08E}.Debug|Any CPU.ActiveCfg = Debug|Any CPU
		{85A0AAC7-E247-4E18-B45B-669066CCA08E}.Debug|Any CPU.Build.0 = Debug|Any CPU
		{85A0AAC7-E247-4E18-B45B-669066CCA08E}.Release|Any CPU.ActiveCfg = Release|Any CPU
		{85A0AAC7-E247-4E18-B45B-669066CCA08E}.Release|Any CPU.Build.0 = Release|Any CPU
	EndGlobalSection
	GlobalSection(SolutionProperties) = preSolution
		HideSolutionNode = FALSE
	EndGlobalSection
	GlobalSection(ExtensibilityGlobals) = postSolution
		SolutionGuid = {7AD5C855-D9A8-4236-82E9-2A78EFAD16A4}
	EndGlobalSection
EndGlobal
